
Microsoft Visual Studio Solution File, Format Version 12.00
# Visual Studio 15
VisualStudioVersion = 15.0.28307.1000
MinimumVisualStudioVersion = 10.0.40219.1
Project("{9A19103F-16F7-4668-BE54-9A1E7A4F7556}") = "GooglePay", "GooglePay\GooglePay.csproj", "{83F3043A-9B11-4267-B09E-61B63F096DCE}"
EndProject
Project("{9A19103F-16F7-4668-BE54-9A1E7A4F7556}") = "GooglePayContracts", "GooglePayContracts\GooglePayContracts.csproj", "{C36EC143-4307-46E5-A5BA-A73E35D6DF35}"
EndProject
Global
	GlobalSection(SolutionConfigurationPlatforms) = preSolution
		Debug|Any CPU = Debug|Any CPU
		Release|Any CPU = Release|Any CPU
	EndGlobalSection
	GlobalSection(ProjectConfigurationPlatforms) = postSolution
		{83F3043A-9B11-4267-B09E-61B63F096DCE}.Debug|Any CPU.ActiveCfg = Debug|Any CPU
		{83F3043A-9B11-4267-B09E-61B63F096DCE}.Debug|Any CPU.Build.0 = Debug|Any CPU
		{83F3043A-9B11-4267-B09E-61B63F096DCE}.Release|Any CPU.ActiveCfg = Release|Any CPU
		{83F3043A-9B11-4267-B09E-61B63F096DCE}.Release|Any CPU.Build.0 = Release|Any CPU
		{C36EC143-4307-46E5-A5BA-A73E35D6DF35}.Debug|Any CPU.ActiveCfg = Debug|Any CPU
		{C36EC143-4307-46E5-A5BA-A73E35D6DF35}.Debug|Any CPU.Build.0 = Debug|Any CPU
		{C36EC143-4307-46E5-A5BA-A73E35D6DF35}.Release|Any CPU.ActiveCfg = Release|Any CPU
		{C36EC143-4307-46E5-A5BA-A73E35D6DF35}.Release|Any CPU.Build.0 = Release|Any CPU
	EndGlobalSection
	GlobalSection(SolutionProperties) = preSolution
		HideSolutionNode = FALSE
	EndGlobalSection
	GlobalSection(ExtensibilityGlobals) = postSolution
		SolutionGuid = {5B951E3F-9F64-4784-AE26-692A86E0F27A}
	EndGlobalSection
EndGlobal
